<?xml version="1.0" encoding="utf-8"?>
<Project ToolsVersion="4.0" xmlns="http://schemas.microsoft.com/developer/msbuild/2003">
	<ItemGroup>
		<Filter Include="源文件\App_main">
			<UniqueIdentifier>{f7648a1e-083f-421b-6053-fc80a2ba1df1}</UniqueIdentifier>
		</Filter>
		<Filter Include="源文件\AppDriver">
			<UniqueIdentifier>{feb95fee-c1a0-4784-7345-b09fb60588e5}</UniqueIdentifier>
		</Filter>
		<Filter Include="源文件\AppDriver\AHRS">
			<UniqueIdentifier>{24b8e010-cf94-4e31-6748-aa5df0fcd47a}</UniqueIdentifier>
		</Filter>
		<Filter Include="源文件\AppDriver\car">
			<UniqueIdentifier>{8a088f2d-eee8-4d14-663b-6368badb7f1c}</UniqueIdentifier>
		</Filter>
		<Filter Include="源文件\AppDriver\LCD">
			<UniqueIdentifier>{bfe8711d-5e26-4cf3-5721-59368030adc6}</UniqueIdentifier>
		</Filter>
		<Filter Include="源文件\AppDriver\MT9V032">
			<UniqueIdentifier>{d5ee8c46-a054-4ccf-5ac2-b8fa041b3983}</UniqueIdentifier>
		</Filter>
		<Filter Include="源文件\AppDriver\Pig_eDMA">
			<UniqueIdentifier>{f62e0f67-c450-4300-4016-7ff85df27915}</UniqueIdentifier>
		</Filter>
		<Filter Include="源文件\AppDriver\SDCard">
			<UniqueIdentifier>{687d1b93-63a4-420e-70db-eceffdb5b262}</UniqueIdentifier>
		</Filter>
		<Filter Include="源文件\AppDriver\Sys">
			<UniqueIdentifier>{ebad600c-15f1-43cc-5c67-39c4d659e535}</UniqueIdentifier>
		</Filter>
		<Filter Include="源文件\board">
			<UniqueIdentifier>{d500d24f-0071-469d-4aa5-79a8995e69ec}</UniqueIdentifier>
		</Filter>
		<Filter Include="源文件\BoardDriver">
			<UniqueIdentifier>{b3d5cbac-fdff-48c3-72bc-c7b317d56d40}</UniqueIdentifier>
		</Filter>
		<Filter Include="源文件\BoardDriver\Pig_SPI">
			<UniqueIdentifier>{0454e645-b0de-46e4-7103-37f6f0235a58}</UniqueIdentifier>
		</Filter>
		<Filter Include="源文件\drivers">
			<UniqueIdentifier>{7e9b3d7d-583e-4f16-7760-1f30ccbd84fb}</UniqueIdentifier>
		</Filter>
		<Filter Include="源文件\startup">
			<UniqueIdentifier>{8118fe4a-8d37-43bb-427a-3e7ec5efb2a0}</UniqueIdentifier>
		</Filter>
		<Filter Include="源文件\utilities">
			<UniqueIdentifier>{1842cbb1-2fd9-411b-4fbe-b71b472d7958}</UniqueIdentifier>
		</Filter>
		<Filter Include="源文件\XIP">
			<UniqueIdentifier>{b5ea2901-5b81-400d-7a8a-02c54809610d}</UniqueIdentifier>
		</Filter>
		<Filter Include="源文件">
			<UniqueIdentifier>{4736b4a4-4858-4121-4a4b-8efdb199a7ed}</UniqueIdentifier>
		</Filter>
	</ItemGroup>
	<ItemGroup>
		<ClCompile Include="..\LQuserFlies\src\Appmain.c">
			<Filter>源文件\App_main</Filter>
		</ClCompile>
		<ClCompile Include="..\LQuserFlies\src\LQ_ADC.c">
			<Filter>源文件\AppDriver</Filter>
		</ClCompile>
		<ClCompile Include="..\LQuserFlies\src\LQ_Encoder.c">
			<Filter>源文件\AppDriver</Filter>
		</ClCompile>
		<ClCompile Include="..\LQuserFlies\src\LQ_IIC.c">
			<Filter>源文件\AppDriver</Filter>
		</ClCompile>
		<ClCompile Include="..\LQuserFlies\src\LQ_KEY.c">
			<Filter>源文件\AppDriver</Filter>
		</ClCompile>
		<ClCompile Include="..\LQuserFlies\src\LQ_LED.c">
			<Filter>源文件\AppDriver</Filter>
		</ClCompile>
		<ClCompile Include="..\LQuserFlies\src\LQ_PIT.c">
			<Filter>源文件\AppDriver</Filter>
		</ClCompile>
		<ClCompile Include="..\LQuserFlies\src\LQ_PWM.c">
			<Filter>源文件\AppDriver</Filter>
		</ClCompile>
		<ClCompile Include="..\LQuserFlies\src\LQ_QTMR.c">
			<Filter>源文件\AppDriver</Filter>
		</ClCompile>
		<ClCompile Include="..\LQuserFlies\src\LQ_SPI.c">
			<Filter>源文件\AppDriver</Filter>
		</ClCompile>
		<ClCompile Include="..\LQuserFlies\src\LQ_TRNG.c">
			<Filter>源文件\AppDriver</Filter>
		</ClCompile>
		<ClCompile Include="..\LQuserFlies\src\LQ_UART.c">
			<Filter>源文件\AppDriver</Filter>
		</ClCompile>
		<ClCompile Include="..\LQuserFlies\src\LQ_WDog.c">
			<Filter>源文件\AppDriver</Filter>
		</ClCompile>
		<ClCompile Include="..\LQuserFlies\src\sys\AHRS.c">
			<Filter>源文件\AppDriver\AHRS</Filter>
		</ClCompile>
		<ClCompile Include="..\LQuserFlies\src\sys\AP_Math.c">
			<Filter>源文件\AppDriver\AHRS</Filter>
		</ClCompile>
		<ClCompile Include="..\LQuserFlies\src\sys\Inertial_Sensor.c">
			<Filter>源文件\AppDriver\AHRS</Filter>
		</ClCompile>
		<ClCompile Include="..\LQuserFlies\src\LQ_SGP18T.c">
			<Filter>源文件\AppDriver\LCD</Filter>
		</ClCompile>
		<ClCompile Include="..\LQuserFlies\src\PigMT9V032.c">
			<Filter>源文件\AppDriver\MT9V032</Filter>
		</ClCompile>
		<ClCompile Include="..\LQuserFlies\src\Pig_edma.c">
			<Filter>源文件\AppDriver\Pig_eDMA</Filter>
		</ClCompile>
		<ClCompile Include="..\LQuserFlies\src\sys\m_systime.c">
			<Filter>源文件\AppDriver\Sys</Filter>
		</ClCompile>
		<ClCompile Include="..\LQuserFlies\src\sys\status.c">
			<Filter>源文件\AppDriver\Sys</Filter>
		</ClCompile>
		<ClCompile Include="..\LQuserFlies\src\board\board.c">
			<Filter>源文件\board</Filter>
		</ClCompile>
		<ClCompile Include="..\LQuserFlies\src\board\clock_config.c">
			<Filter>源文件\board</Filter>
		</ClCompile>
		<ClCompile Include="..\LQuserFlies\src\board\pin_mux.c">
			<Filter>源文件\board</Filter>
		</ClCompile>
		<ClCompile Include="..\LQuserFlies\src\AttitudeCalculation.c">
			<Filter>源文件\BoardDriver</Filter>
		</ClCompile>
		<ClCompile Include="..\LQuserFlies\src\DebugFuction.c">
			<Filter>源文件\BoardDriver</Filter>
		</ClCompile>
		<ClCompile Include="..\LQuserFlies\src\LQ_MPU6050.c">
			<Filter>源文件\BoardDriver</Filter>
		</ClCompile>
		<ClCompile Include="..\LQuserFlies\src\MecanumWheelControl.c">
			<Filter>源文件\BoardDriver</Filter>
		</ClCompile>
		<ClCompile Include="..\Pig_DriverFiles\Pig_SPI.c">
			<Filter>源文件\BoardDriver\Pig_SPI</Filter>
		</ClCompile>
		<ClCompile Include="..\Pig_DriverFiles\TFTDriver.c">
			<Filter>源文件\BoardDriver\Pig_SPI</Filter>
		</ClCompile>
		<ClCompile Include="..\LQuserFlies\devices\drivers\fsl_adc.c">
			<Filter>源文件\drivers</Filter>
		</ClCompile>
		<ClCompile Include="..\LQuserFlies\devices\drivers\fsl_clock.c">
			<Filter>源文件\drivers</Filter>
		</ClCompile>
		<ClCompile Include="..\LQuserFlies\devices\drivers\fsl_common.c">
			<Filter>源文件\drivers</Filter>
		</ClCompile>
		<ClCompile Include="..\LQuserFlies\devices\drivers\fsl_csi.c">
			<Filter>源文件\drivers</Filter>
		</ClCompile>
		<ClCompile Include="..\LQuserFlies\devices\drivers\fsl_dmamux.c">
			<Filter>源文件\drivers</Filter>
		</ClCompile>
		<ClCompile Include="..\LQuserFlies\devices\drivers\fsl_edma.c">
			<Filter>源文件\drivers</Filter>
		</ClCompile>
		<ClCompile Include="..\LQuserFlies\devices\drivers\fsl_enc.c">
			<Filter>源文件\drivers</Filter>
		</ClCompile>
		<ClCompile Include="..\LQuserFlies\devices\drivers\fsl_flexio.c">
			<Filter>源文件\drivers</Filter>
		</ClCompile>
		<ClCompile Include="..\LQuserFlies\devices\fsl_flexio_camera.c">
			<Filter>源文件\drivers</Filter>
		</ClCompile>
		<ClCompile Include="..\LQuserFlies\devices\fsl_flexio_camera_edma.c">
			<Filter>源文件\drivers</Filter>
		</ClCompile>
		<ClCompile Include="..\LQuserFlies\devices\drivers\fsl_flexio_spi.c">
			<Filter>源文件\drivers</Filter>
		</ClCompile>
		<ClCompile Include="..\LQuserFlies\devices\drivers\fsl_flexio_spi_edma.c">
			<Filter>源文件\drivers</Filter>
		</ClCompile>
		<ClCompile Include="..\LQuserFlies\devices\drivers\fsl_flexspi.c">
			<Filter>源文件\drivers</Filter>
		</ClCompile>
		<ClCompile Include="..\LQuserFlies\devices\drivers\fsl_gpio.c">
			<Filter>源文件\drivers</Filter>
		</ClCompile>
		<ClCompile Include="..\LQuserFlies\devices\drivers\fsl_gpt.c">
			<Filter>源文件\drivers</Filter>
		</ClCompile>
		<ClCompile Include="..\LQuserFlies\devices\drivers\fsl_lpi2c.c">
			<Filter>源文件\drivers</Filter>
		</ClCompile>
		<ClCompile Include="..\LQuserFlies\devices\drivers\fsl_lpspi.c">
			<Filter>源文件\drivers</Filter>
		</ClCompile>
		<ClCompile Include="..\LQuserFlies\devices\drivers\fsl_lpspi_edma.c">
			<Filter>源文件\drivers</Filter>
		</ClCompile>
		<ClCompile Include="..\LQuserFlies\devices\drivers\fsl_lpuart.c">
			<Filter>源文件\drivers</Filter>
		</ClCompile>
		<ClCompile Include="..\LQuserFlies\devices\drivers\fsl_lpuart_edma.c">
			<Filter>源文件\drivers</Filter>
		</ClCompile>
		<ClCompile Include="..\LQuserFlies\devices\drivers\fsl_pit.c">
			<Filter>源文件\drivers</Filter>
		</ClCompile>
		<ClCompile Include="..\LQuserFlies\devices\drivers\fsl_pwm.c">
			<Filter>源文件\drivers</Filter>
		</ClCompile>
		<ClCompile Include="..\LQuserFlies\devices\drivers\fsl_qtmr.c">
			<Filter>源文件\drivers</Filter>
		</ClCompile>
		<ClCompile Include="..\LQuserFlies\src\camera\fsl_sccb.c">
			<Filter>源文件\drivers</Filter>
		</ClCompile>
		<ClCompile Include="..\LQuserFlies\devices\drivers\fsl_semc.c">
			<Filter>源文件\drivers</Filter>
		</ClCompile>
		<ClCompile Include="..\LQuserFlies\devices\drivers\fsl_trng.c">
			<Filter>源文件\drivers</Filter>
		</ClCompile>
		<ClCompile Include="..\LQuserFlies\devices\drivers\fsl_usdhc.c">
			<Filter>源文件\drivers</Filter>
		</ClCompile>
		<ClCompile Include="..\LQuserFlies\devices\drivers\fsl_wdog.c">
			<Filter>源文件\drivers</Filter>
		</ClCompile>
		<ClCompile Include="..\LQuserFlies\devices\drivers\fsl_xbara.c">
			<Filter>源文件\drivers</Filter>
		</ClCompile>
		<ClCompile Include="..\LQuserFlies\devices\startup\system_MIMXRT1052.c">
			<Filter>源文件\startup</Filter>
		</ClCompile>
		<ClCompile Include="..\LQuserFlies\devices\utilities\fsl_assert.c">
			<Filter>源文件\utilities</Filter>
		</ClCompile>
		<ClCompile Include="..\LQuserFlies\devices\utilities\fsl_debug_console.c">
			<Filter>源文件\utilities</Filter>
		</ClCompile>
		<ClCompile Include="..\LQuserFlies\devices\utilities\fsl_io.c">
			<Filter>源文件\utilities</Filter>
		</ClCompile>
		<ClCompile Include="..\LQuserFlies\devices\utilities\fsl_log.c">
			<Filter>源文件\utilities</Filter>
		</ClCompile>
		<ClCompile Include="..\LQuserFlies\devices\utilities\fsl_str.c">
			<Filter>源文件\utilities</Filter>
		</ClCompile>
		<ClCompile Include="..\LQuserFlies\Xip\fsl_flexspi_nor_boot.c">
			<Filter>源文件\XIP</Filter>
		</ClCompile>
		<ClCompile Include="..\LQuserFlies\Xip\xip_config.c">
			<Filter>源文件\XIP</Filter>
		</ClCompile>
	</ItemGroup>
	<ItemGroup>
		<ClInclude Include="..\LQuserFlies\src\include.h">
			<Filter>源文件\App_main</Filter>
		</ClInclude>
		<ClInclude Include="..\LQuserFlies\src\LQ_ADC.h">
			<Filter>源文件\AppDriver</Filter>
		</ClInclude>
		<ClInclude Include="..\LQuserFlies\src\LQ_Encoder.h">
			<Filter>源文件\AppDriver</Filter>
		</ClInclude>
		<ClInclude Include="..\LQuserFlies\src\LQ_GPIOmacro.h">
			<Filter>源文件\AppDriver</Filter>
		</ClInclude>
		<ClInclude Include="..\LQuserFlies\src\LQ_IIC.h">
			<Filter>源文件\AppDriver</Filter>
		</ClInclude>
		<ClInclude Include="..\LQuserFlies\src\LQ_KEY.h">
			<Filter>源文件\AppDriver</Filter>
		</ClInclude>
		<ClInclude Include="..\LQuserFlies\src\LQ_LED.h">
			<Filter>源文件\AppDriver</Filter>
		</ClInclude>
		<ClInclude Include="..\LQuserFlies\src\LQ_PIT.h">
			<Filter>源文件\AppDriver</Filter>
		</ClInclude>
		<ClInclude Include="..\LQuserFlies\src\LQ_PWM.h">
			<Filter>源文件\AppDriver</Filter>
		</ClInclude>
		<ClInclude Include="..\LQuserFlies\src\LQ_QTMR.h">
			<Filter>源文件\AppDriver</Filter>
		</ClInclude>
		<ClInclude Include="..\LQuserFlies\src\LQ_SPI.h">
			<Filter>源文件\AppDriver</Filter>
		</ClInclude>
		<ClInclude Include="..\LQuserFlies\src\LQ_TRNG.h">
			<Filter>源文件\AppDriver</Filter>
		</ClInclude>
		<ClInclude Include="..\LQuserFlies\src\LQ_UART.h">
			<Filter>源文件\AppDriver</Filter>
		</ClInclude>
		<ClInclude Include="..\LQuserFlies\src\LQ_WDog.h">
			<Filter>源文件\AppDriver</Filter>
		</ClInclude>
		<ClInclude Include="..\LQuserFlies\src\sys\AHRS.h">
			<Filter>源文件\AppDriver\AHRS</Filter>
		</ClInclude>
		<ClInclude Include="..\LQuserFlies\src\sys\AP_Math.h">
			<Filter>源文件\AppDriver\AHRS</Filter>
		</ClInclude>
		<ClInclude Include="..\LQuserFlies\src\sys\Inertial_Sensor.h">
			<Filter>源文件\AppDriver\AHRS</Filter>
		</ClInclude>
		<ClInclude Include="..\LQuserFlies\src\LQ_SGP18T.h">
			<Filter>源文件\AppDriver\LCD</Filter>
		</ClInclude>
		<ClInclude Include="..\LQuserFlies\src\PigMT9V032.h">
			<Filter>源文件\AppDriver\MT9V032</Filter>
		</ClInclude>
		<ClInclude Include="..\LQuserFlies\src\Pig_edma.h">
			<Filter>源文件\AppDriver\Pig_eDMA</Filter>
		</ClInclude>
		<ClInclude Include="..\LQuserFlies\src\sys\m_systime.h">
			<Filter>源文件\AppDriver\Sys</Filter>
		</ClInclude>
		<ClInclude Include="..\LQuserFlies\src\sys\status.h">
			<Filter>源文件\AppDriver\Sys</Filter>
		</ClInclude>
		<ClInclude Include="..\LQuserFlies\src\board\board.h">
			<Filter>源文件\board</Filter>
		</ClInclude>
		<ClInclude Include="..\LQuserFlies\src\board\clock_config.h">
			<Filter>源文件\board</Filter>
		</ClInclude>
		<ClInclude Include="..\LQuserFlies\devices\MIMXRT1052.h">
			<Filter>源文件\board</Filter>
		</ClInclude>
		<ClInclude Include="..\LQuserFlies\devices\MIMXRT1052_features.h">
			<Filter>源文件\board</Filter>
		</ClInclude>
		<ClInclude Include="..\LQuserFlies\src\board\pin_mux.h">
			<Filter>源文件\board</Filter>
		</ClInclude>
		<ClInclude Include="..\LQuserFlies\src\AttitudeCalculation.h">
			<Filter>源文件\BoardDriver</Filter>
		</ClInclude>
		<ClInclude Include="..\LQuserFlies\src\DebugFunction.h">
			<Filter>源文件\BoardDriver</Filter>
		</ClInclude>
		<ClInclude Include="..\LQuserFlies\src\LQ_MPU6050.h">
			<Filter>源文件\BoardDriver</Filter>
		</ClInclude>
		<ClInclude Include="..\LQuserFlies\src\MecanumWheelControl.h">
			<Filter>源文件\BoardDriver</Filter>
		</ClInclude>
		<ClInclude Include="..\Pig_DriverFiles\Pig_SPI.h">
			<Filter>源文件\BoardDriver\Pig_SPI</Filter>
		</ClInclude>
		<ClInclude Include="..\Pig_DriverFiles\TFTDriver.h">
			<Filter>源文件\BoardDriver\Pig_SPI</Filter>
		</ClInclude>
		<ClInclude Include="..\LQuserFlies\devices\drivers\fsl_adc.h">
			<Filter>源文件\drivers</Filter>
		</ClInclude>
		<ClInclude Include="..\LQuserFlies\devices\drivers\fsl_clock.h">
			<Filter>源文件\drivers</Filter>
		</ClInclude>
		<ClInclude Include="..\LQuserFlies\devices\drivers\fsl_common.h">
			<Filter>源文件\drivers</Filter>
		</ClInclude>
		<ClInclude Include="..\LQuserFlies\devices\drivers\fsl_csi.h">
			<Filter>源文件\drivers</Filter>
		</ClInclude>
		<ClInclude Include="..\LQuserFlies\devices\drivers\fsl_dmamux.h">
			<Filter>源文件\drivers</Filter>
		</ClInclude>
		<ClInclude Include="..\LQuserFlies\devices\drivers\fsl_edma.h">
			<Filter>源文件\drivers</Filter>
		</ClInclude>
		<ClInclude Include="..\LQuserFlies\devices\drivers\fsl_flexio.h">
			<Filter>源文件\drivers</Filter>
		</ClInclude>
		<ClInclude Include="..\LQuserFlies\devices\fsl_flexio_camera.h">
			<Filter>源文件\drivers</Filter>
		</ClInclude>
		<ClInclude Include="..\LQuserFlies\devices\fsl_flexio_camera_edma.h">
			<Filter>源文件\drivers</Filter>
		</ClInclude>
		<ClInclude Include="..\LQuserFlies\devices\drivers\fsl_flexio_spi.h">
			<Filter>源文件\drivers</Filter>
		</ClInclude>
		<ClInclude Include="..\LQuserFlies\devices\drivers\fsl_flexio_spi_edma.h">
			<Filter>源文件\drivers</Filter>
		</ClInclude>
		<ClInclude Include="..\LQuserFlies\devices\drivers\fsl_flexspi.h">
			<Filter>源文件\drivers</Filter>
		</ClInclude>
		<ClInclude Include="..\LQuserFlies\devices\drivers\fsl_gpio.h">
			<Filter>源文件\drivers</Filter>
		</ClInclude>
		<ClInclude Include="..\LQuserFlies\devices\drivers\fsl_gpt.h">
			<Filter>源文件\drivers</Filter>
		</ClInclude>
		<ClInclude Include="..\LQuserFlies\devices\drivers\fsl_iomuxc.h">
			<Filter>源文件\drivers</Filter>
		</ClInclude>
		<ClInclude Include="..\LQuserFlies\devices\drivers\fsl_lpi2c.h">
			<Filter>源文件\drivers</Filter>
		</ClInclude>
		<ClInclude Include="..\LQuserFlies\devices\drivers\fsl_lpspi.h">
			<Filter>源文件\drivers</Filter>
		</ClInclude>
		<ClInclude Include="..\LQuserFlies\devices\drivers\fsl_lpspi_edma.h">
			<Filter>源文件\drivers</Filter>
		</ClInclude>
		<ClInclude Include="..\LQuserFlies\devices\drivers\fsl_lpuart.h">
			<Filter>源文件\drivers</Filter>
		</ClInclude>
		<ClInclude Include="..\LQuserFlies\devices\drivers\fsl_lpuart_edma.h">
			<Filter>源文件\drivers</Filter>
		</ClInclude>
		<ClInclude Include="..\LQuserFlies\devices\drivers\fsl_pit.h">
			<Filter>源文件\drivers</Filter>
		</ClInclude>
		<ClInclude Include="..\LQuserFlies\devices\drivers\fsl_pwm.h">
			<Filter>源文件\drivers</Filter>
		</ClInclude>
		<ClInclude Include="..\LQuserFlies\devices\drivers\fsl_qtmr.h">
			<Filter>源文件\drivers</Filter>
		</ClInclude>
		<ClInclude Include="..\LQuserFlies\devices\drivers\fsl_semc.h">
			<Filter>源文件\drivers</Filter>
		</ClInclude>
		<ClInclude Include="..\LQuserFlies\devices\drivers\fsl_trng.h">
			<Filter>源文件\drivers</Filter>
		</ClInclude>
		<ClInclude Include="..\LQuserFlies\devices\drivers\fsl_usdhc.h">
			<Filter>源文件\drivers</Filter>
		</ClInclude>
		<ClInclude Include="..\LQuserFlies\devices\drivers\fsl_wdog.h">
			<Filter>源文件\drivers</Filter>
		</ClInclude>
		<ClInclude Include="..\LQuserFlies\devices\drivers\fsl_xbara.h">
			<Filter>源文件\drivers</Filter>
		</ClInclude>
		<ClInclude Include="..\LQuserFlies\devices\startup\system_MIMXRT1052.h">
			<Filter>源文件\startup</Filter>
		</ClInclude>
		<ClInclude Include="..\LQuserFlies\devices\utilities\fsl_debug_console.h">
			<Filter>源文件\utilities</Filter>
		</ClInclude>
		<ClInclude Include="..\LQuserFlies\devices\utilities\fsl_debug_console_conf.h">
			<Filter>源文件\utilities</Filter>
		</ClInclude>
		<ClInclude Include="..\LQuserFlies\devices\utilities\fsl_io.h">
			<Filter>源文件\utilities</Filter>
		</ClInclude>
		<ClInclude Include="..\LQuserFlies\devices\utilities\fsl_log.h">
			<Filter>源文件\utilities</Filter>
		</ClInclude>
		<ClInclude Include="..\LQuserFlies\devices\utilities\fsl_str.h">
			<Filter>源文件\utilities</Filter>
		</ClInclude>
		<ClInclude Include="..\LQuserFlies\Xip\external_flash_config.h">
			<Filter>源文件\XIP</Filter>
		</ClInclude>
		<ClInclude Include="..\LQuserFlies\Xip\fsl_flexspi_nor_boot.h">
			<Filter>源文件\XIP</Filter>
		</ClInclude>
	</ItemGroup>
	<ItemGroup>
		<None Include="..\LQuserFlies\devices\startup\startup_MIMXRT1052.s">
			<Filter>源文件\startup</Filter>
		</None>
	</ItemGroup>
</Project>