<?xml version="1.0" encoding="utf-8"?>
<Project ToolsVersion="4.0" xmlns="http://schemas.microsoft.com/developer/msbuild/2003">
	<ItemGroup>
		<Filter Include="源文件\App_main">
			<UniqueIdentifier>{f737d52f-c10c-4a03-6355-05c64dbb58c4}</UniqueIdentifier>
		</Filter>
		<Filter Include="源文件\AppDriver">
			<UniqueIdentifier>{c9fc1ffe-f597-46c1-56cf-85856050ec8a}</UniqueIdentifier>
		</Filter>
		<Filter Include="源文件\AppDriver\AHRS">
			<UniqueIdentifier>{91b5fef0-2b9b-40be-6497-18bd0eefd505}</UniqueIdentifier>
		</Filter>
		<Filter Include="源文件\AppDriver\car">
			<UniqueIdentifier>{a4eb9bb7-3b03-4cd8-43af-cb52a341d829}</UniqueIdentifier>
		</Filter>
		<Filter Include="源文件\AppDriver\LCD">
			<UniqueIdentifier>{d42078c1-18bb-420e-4f41-dffc7fa6e965}</UniqueIdentifier>
		</Filter>
		<Filter Include="源文件\AppDriver\MT9V032">
			<UniqueIdentifier>{2b3cdf68-10d3-4780-4903-c36f8522b8c9}</UniqueIdentifier>
		</Filter>
		<Filter Include="源文件\AppDriver\Pig_eDMA">
			<UniqueIdentifier>{18d281b5-1e23-42da-65b3-3610756d024b}</UniqueIdentifier>
		</Filter>
		<Filter Include="源文件\AppDriver\SDCard">
			<UniqueIdentifier>{d140983d-3f78-4173-58c0-3887a2779267}</UniqueIdentifier>
		</Filter>
		<Filter Include="源文件\AppDriver\Sys">
			<UniqueIdentifier>{0b3bbbed-6530-4c6c-6a16-de323ef7f58e}</UniqueIdentifier>
		</Filter>
		<Filter Include="源文件\board">
			<UniqueIdentifier>{9ca57ab3-90a8-45db-6f8d-31db2ee9699a}</UniqueIdentifier>
		</Filter>
		<Filter Include="源文件\BoardDriver">
			<UniqueIdentifier>{998e19db-fc60-4a1b-7d8f-fe3258802f48}</UniqueIdentifier>
		</Filter>
		<Filter Include="源文件\BoardDriver\Pig_SPI">
			<UniqueIdentifier>{a3f6918e-65c3-4518-6736-494c051fce02}</UniqueIdentifier>
		</Filter>
		<Filter Include="源文件\drivers">
			<UniqueIdentifier>{af1780c4-031a-48aa-7135-dd0d9adc343d}</UniqueIdentifier>
		</Filter>
		<Filter Include="源文件\startup">
			<UniqueIdentifier>{39b3b50f-48ee-4278-6ed5-c89e842fd789}</UniqueIdentifier>
		</Filter>
		<Filter Include="源文件\utilities">
			<UniqueIdentifier>{02d304df-e79f-4add-553f-d8d33490e9c2}</UniqueIdentifier>
		</Filter>
		<Filter Include="源文件\XIP">
			<UniqueIdentifier>{418cc740-4835-4b77-6691-166f8794dc35}</UniqueIdentifier>
		</Filter>
		<Filter Include="源文件">
			<UniqueIdentifier>{b44f6681-ff5c-4657-4fba-b23bf808f01c}</UniqueIdentifier>
		</Filter>
	</ItemGroup>
	<ItemGroup>
		<ClCompile Include="..\LQuserFlies\src\Appmain.c">
			<Filter>源文件\App_main</Filter>
		</ClCompile>
		<ClCompile Include="..\LQuserFlies\src\LQ_ADC.c">
			<Filter>源文件\AppDriver</Filter>
		</ClCompile>
		<ClCompile Include="..\LQuserFlies\src\LQ_Encoder.c">
			<Filter>源文件\AppDriver</Filter>
		</ClCompile>
		<ClCompile Include="..\LQuserFlies\src\LQ_IIC.c">
			<Filter>源文件\AppDriver</Filter>
		</ClCompile>
		<ClCompile Include="..\LQuserFlies\src\LQ_KEY.c">
			<Filter>源文件\AppDriver</Filter>
		</ClCompile>
		<ClCompile Include="..\LQuserFlies\src\LQ_LED.c">
			<Filter>源文件\AppDriver</Filter>
		</ClCompile>
		<ClCompile Include="..\LQuserFlies\src\LQ_MPU6050.c">
			<Filter>源文件\AppDriver</Filter>
		</ClCompile>
		<ClCompile Include="..\LQuserFlies\src\LQ_PIT.c">
			<Filter>源文件\AppDriver</Filter>
		</ClCompile>
		<ClCompile Include="..\LQuserFlies\src\LQ_PWM.c">
			<Filter>源文件\AppDriver</Filter>
		</ClCompile>
		<ClCompile Include="..\LQuserFlies\src\LQ_QTMR.c">
			<Filter>源文件\AppDriver</Filter>
		</ClCompile>
		<ClCompile Include="..\LQuserFlies\src\LQ_SPI.c">
			<Filter>源文件\AppDriver</Filter>
		</ClCompile>
		<ClCompile Include="..\LQuserFlies\src\LQ_TRNG.c">
			<Filter>源文件\AppDriver</Filter>
		</ClCompile>
		<ClCompile Include="..\LQuserFlies\src\LQ_UART.c">
			<Filter>源文件\AppDriver</Filter>
		</ClCompile>
		<ClCompile Include="..\LQuserFlies\src\LQ_WDog.c">
			<Filter>源文件\AppDriver</Filter>
		</ClCompile>
		<ClCompile Include="..\LQuserFlies\src\sys\AHRS.c">
			<Filter>源文件\AppDriver\AHRS</Filter>
		</ClCompile>
		<ClCompile Include="..\LQuserFlies\src\sys\AP_Math.c">
			<Filter>源文件\AppDriver\AHRS</Filter>
		</ClCompile>
		<ClCompile Include="..\LQuserFlies\src\sys\Inertial_Sensor.c">
			<Filter>源文件\AppDriver\AHRS</Filter>
		</ClCompile>
		<ClCompile Include="..\LQuserFlies\src\LQ_SGP18T.c">
			<Filter>源文件\AppDriver\LCD</Filter>
		</ClCompile>
		<ClCompile Include="..\LQuserFlies\src\PigMT9V032.c">
			<Filter>源文件\AppDriver\MT9V032</Filter>
		</ClCompile>
		<ClCompile Include="..\LQuserFlies\src\Pig_edma.c">
			<Filter>源文件\AppDriver\Pig_eDMA</Filter>
		</ClCompile>
		<ClCompile Include="..\LQuserFlies\src\sys\m_systime.c">
			<Filter>源文件\AppDriver\Sys</Filter>
		</ClCompile>
		<ClCompile Include="..\LQuserFlies\src\sys\status.c">
			<Filter>源文件\AppDriver\Sys</Filter>
		</ClCompile>
		<ClCompile Include="..\LQuserFlies\src\board\board.c">
			<Filter>源文件\board</Filter>
		</ClCompile>
		<ClCompile Include="..\LQuserFlies\src\board\clock_config.c">
			<Filter>源文件\board</Filter>
		</ClCompile>
		<ClCompile Include="..\LQuserFlies\src\board\pin_mux.c">
			<Filter>源文件\board</Filter>
		</ClCompile>
		<ClCompile Include="..\LQuserFlies\src\AttitudeCalculation.c">
			<Filter>源文件\BoardDriver</Filter>
		</ClCompile>
		<ClCompile Include="..\LQuserFlies\src\DebugFuction.c">
			<Filter>源文件\BoardDriver</Filter>
		</ClCompile>
		<ClCompile Include="..\LQuserFlies\src\MecanumWheelControl.c">
			<Filter>源文件\BoardDriver</Filter>
		</ClCompile>
		<ClCompile Include="..\Pig_DriverFiles\Pig_SPI.c">
			<Filter>源文件\BoardDriver\Pig_SPI</Filter>
		</ClCompile>
		<ClCompile Include="..\Pig_DriverFiles\TFTDriver.c">
			<Filter>源文件\BoardDriver\Pig_SPI</Filter>
		</ClCompile>
		<ClCompile Include="..\LQuserFlies\devices\drivers\fsl_adc.c">
			<Filter>源文件\drivers</Filter>
		</ClCompile>
		<ClCompile Include="..\LQuserFlies\devices\drivers\fsl_clock.c">
			<Filter>源文件\drivers</Filter>
		</ClCompile>
		<ClCompile Include="..\LQuserFlies\devices\drivers\fsl_common.c">
			<Filter>源文件\drivers</Filter>
		</ClCompile>
		<ClCompile Include="..\LQuserFlies\devices\drivers\fsl_csi.c">
			<Filter>源文件\drivers</Filter>
		</ClCompile>
		<ClCompile Include="..\LQuserFlies\devices\drivers\fsl_dmamux.c">
			<Filter>源文件\drivers</Filter>
		</ClCompile>
		<ClCompile Include="..\LQuserFlies\devices\drivers\fsl_edma.c">
			<Filter>源文件\drivers</Filter>
		</ClCompile>
		<ClCompile Include="..\LQuserFlies\devices\drivers\fsl_enc.c">
			<Filter>源文件\drivers</Filter>
		</ClCompile>
		<ClCompile Include="..\LQuserFlies\devices\drivers\fsl_flexio.c">
			<Filter>源文件\drivers</Filter>
		</ClCompile>
		<ClCompile Include="..\LQuserFlies\devices\fsl_flexio_camera.c">
			<Filter>源文件\drivers</Filter>
		</ClCompile>
		<ClCompile Include="..\LQuserFlies\devices\fsl_flexio_camera_edma.c">
			<Filter>源文件\drivers</Filter>
		</ClCompile>
		<ClCompile Include="..\LQuserFlies\devices\drivers\fsl_flexio_spi.c">
			<Filter>源文件\drivers</Filter>
		</ClCompile>
		<ClCompile Include="..\LQuserFlies\devices\drivers\fsl_flexio_spi_edma.c">
			<Filter>源文件\drivers</Filter>
		</ClCompile>
		<ClCompile Include="..\LQuserFlies\devices\drivers\fsl_flexspi.c">
			<Filter>源文件\drivers</Filter>
		</ClCompile>
		<ClCompile Include="..\LQuserFlies\devices\drivers\fsl_gpio.c">
			<Filter>源文件\drivers</Filter>
		</ClCompile>
		<ClCompile Include="..\LQuserFlies\devices\drivers\fsl_gpt.c">
			<Filter>源文件\drivers</Filter>
		</ClCompile>
		<ClCompile Include="..\LQuserFlies\devices\drivers\fsl_lpi2c.c">
			<Filter>源文件\drivers</Filter>
		</ClCompile>
		<ClCompile Include="..\LQuserFlies\devices\drivers\fsl_lpspi.c">
			<Filter>源文件\drivers</Filter>
		</ClCompile>
		<ClCompile Include="..\LQuserFlies\devices\drivers\fsl_lpspi_edma.c">
			<Filter>源文件\drivers</Filter>
		</ClCompile>
		<ClCompile Include="..\LQuserFlies\devices\drivers\fsl_lpuart.c">
			<Filter>源文件\drivers</Filter>
		</ClCompile>
		<ClCompile Include="..\LQuserFlies\devices\drivers\fsl_lpuart_edma.c">
			<Filter>源文件\drivers</Filter>
		</ClCompile>
		<ClCompile Include="..\LQuserFlies\devices\drivers\fsl_pit.c">
			<Filter>源文件\drivers</Filter>
		</ClCompile>
		<ClCompile Include="..\LQuserFlies\devices\drivers\fsl_pwm.c">
			<Filter>源文件\drivers</Filter>
		</ClCompile>
		<ClCompile Include="..\LQuserFlies\devices\drivers\fsl_qtmr.c">
			<Filter>源文件\drivers</Filter>
		</ClCompile>
		<ClCompile Include="..\LQuserFlies\src\camera\fsl_sccb.c">
			<Filter>源文件\drivers</Filter>
		</ClCompile>
		<ClCompile Include="..\LQuserFlies\devices\drivers\fsl_semc.c">
			<Filter>源文件\drivers</Filter>
		</ClCompile>
		<ClCompile Include="..\LQuserFlies\devices\drivers\fsl_trng.c">
			<Filter>源文件\drivers</Filter>
		</ClCompile>
		<ClCompile Include="..\LQuserFlies\devices\drivers\fsl_usdhc.c">
			<Filter>源文件\drivers</Filter>
		</ClCompile>
		<ClCompile Include="..\LQuserFlies\devices\drivers\fsl_wdog.c">
			<Filter>源文件\drivers</Filter>
		</ClCompile>
		<ClCompile Include="..\LQuserFlies\devices\drivers\fsl_xbara.c">
			<Filter>源文件\drivers</Filter>
		</ClCompile>
		<ClCompile Include="..\LQuserFlies\devices\startup\system_MIMXRT1052.c">
			<Filter>源文件\startup</Filter>
		</ClCompile>
		<ClCompile Include="..\LQuserFlies\devices\utilities\fsl_assert.c">
			<Filter>源文件\utilities</Filter>
		</ClCompile>
		<ClCompile Include="..\LQuserFlies\devices\utilities\fsl_debug_console.c">
			<Filter>源文件\utilities</Filter>
		</ClCompile>
		<ClCompile Include="..\LQuserFlies\devices\utilities\fsl_io.c">
			<Filter>源文件\utilities</Filter>
		</ClCompile>
		<ClCompile Include="..\LQuserFlies\devices\utilities\fsl_log.c">
			<Filter>源文件\utilities</Filter>
		</ClCompile>
		<ClCompile Include="..\LQuserFlies\devices\utilities\fsl_str.c">
			<Filter>源文件\utilities</Filter>
		</ClCompile>
		<ClCompile Include="..\LQuserFlies\Xip\fsl_flexspi_nor_boot.c">
			<Filter>源文件\XIP</Filter>
		</ClCompile>
		<ClCompile Include="..\LQuserFlies\Xip\xip_config.c">
			<Filter>源文件\XIP</Filter>
		</ClCompile>
	</ItemGroup>
	<ItemGroup>
		<ClInclude Include="..\LQuserFlies\src\include.h">
			<Filter>源文件\App_main</Filter>
		</ClInclude>
		<ClInclude Include="..\LQuserFlies\src\LQ_ADC.h">
			<Filter>源文件\AppDriver</Filter>
		</ClInclude>
		<ClInclude Include="..\LQuserFlies\src\LQ_Encoder.h">
			<Filter>源文件\AppDriver</Filter>
		</ClInclude>
		<ClInclude Include="..\LQuserFlies\src\LQ_GPIOmacro.h">
			<Filter>源文件\AppDriver</Filter>
		</ClInclude>
		<ClInclude Include="..\LQuserFlies\src\LQ_IIC.h">
			<Filter>源文件\AppDriver</Filter>
		</ClInclude>
		<ClInclude Include="..\LQuserFlies\src\LQ_KEY.h">
			<Filter>源文件\AppDriver</Filter>
		</ClInclude>
		<ClInclude Include="..\LQuserFlies\src\LQ_LED.h">
			<Filter>源文件\AppDriver</Filter>
		</ClInclude>
		<ClInclude Include="..\LQuserFlies\src\LQ_MPU6050.h">
			<Filter>源文件\AppDriver</Filter>
		</ClInclude>
		<ClInclude Include="..\LQuserFlies\src\LQ_PIT.h">
			<Filter>源文件\AppDriver</Filter>
		</ClInclude>
		<ClInclude Include="..\LQuserFlies\src\LQ_PWM.h">
			<Filter>源文件\AppDriver</Filter>
		</ClInclude>
		<ClInclude Include="..\LQuserFlies\src\LQ_QTMR.h">
			<Filter>源文件\AppDriver</Filter>
		</ClInclude>
		<ClInclude Include="..\LQuserFlies\src\LQ_SPI.h">
			<Filter>源文件\AppDriver</Filter>
		</ClInclude>
		<ClInclude Include="..\LQuserFlies\src\LQ_TRNG.h">
			<Filter>源文件\AppDriver</Filter>
		</ClInclude>
		<ClInclude Include="..\LQuserFlies\src\LQ_UART.h">
			<Filter>源文件\AppDriver</Filter>
		</ClInclude>
		<ClInclude Include="..\LQuserFlies\src\LQ_WDog.h">
			<Filter>源文件\AppDriver</Filter>
		</ClInclude>
		<ClInclude Include="..\LQuserFlies\src\sys\AHRS.h">
			<Filter>源文件\AppDriver\AHRS</Filter>
		</ClInclude>
		<ClInclude Include="..\LQuserFlies\src\sys\AP_Math.h">
			<Filter>源文件\AppDriver\AHRS</Filter>
		</ClInclude>
		<ClInclude Include="..\LQuserFlies\src\sys\Inertial_Sensor.h">
			<Filter>源文件\AppDriver\AHRS</Filter>
		</ClInclude>
		<ClInclude Include="..\LQuserFlies\src\LQ_SGP18T.h">
			<Filter>源文件\AppDriver\LCD</Filter>
		</ClInclude>
		<ClInclude Include="..\LQuserFlies\src\PigMT9V032.h">
			<Filter>源文件\AppDriver\MT9V032</Filter>
		</ClInclude>
		<ClInclude Include="..\LQuserFlies\src\Pig_edma.h">
			<Filter>源文件\AppDriver\Pig_eDMA</Filter>
		</ClInclude>
		<ClInclude Include="..\LQuserFlies\src\sys\m_systime.h">
			<Filter>源文件\AppDriver\Sys</Filter>
		</ClInclude>
		<ClInclude Include="..\LQuserFlies\src\sys\status.h">
			<Filter>源文件\AppDriver\Sys</Filter>
		</ClInclude>
		<ClInclude Include="..\LQuserFlies\src\board\board.h">
			<Filter>源文件\board</Filter>
		</ClInclude>
		<ClInclude Include="..\LQuserFlies\src\board\clock_config.h">
			<Filter>源文件\board</Filter>
		</ClInclude>
		<ClInclude Include="..\LQuserFlies\devices\MIMXRT1052.h">
			<Filter>源文件\board</Filter>
		</ClInclude>
		<ClInclude Include="..\LQuserFlies\devices\MIMXRT1052_features.h">
			<Filter>源文件\board</Filter>
		</ClInclude>
		<ClInclude Include="..\LQuserFlies\src\board\pin_mux.h">
			<Filter>源文件\board</Filter>
		</ClInclude>
		<ClInclude Include="..\LQuserFlies\src\AttitudeCalculation.h">
			<Filter>源文件\BoardDriver</Filter>
		</ClInclude>
		<ClInclude Include="..\LQuserFlies\src\DebugFunction.h">
			<Filter>源文件\BoardDriver</Filter>
		</ClInclude>
		<ClInclude Include="..\LQuserFlies\src\MecanumWheelControl.h">
			<Filter>源文件\BoardDriver</Filter>
		</ClInclude>
		<ClInclude Include="..\Pig_DriverFiles\Pig_SPI.h">
			<Filter>源文件\BoardDriver\Pig_SPI</Filter>
		</ClInclude>
		<ClInclude Include="..\Pig_DriverFiles\TFTDriver.h">
			<Filter>源文件\BoardDriver\Pig_SPI</Filter>
		</ClInclude>
		<ClInclude Include="..\LQuserFlies\devices\drivers\fsl_adc.h">
			<Filter>源文件\drivers</Filter>
		</ClInclude>
		<ClInclude Include="..\LQuserFlies\devices\drivers\fsl_clock.h">
			<Filter>源文件\drivers</Filter>
		</ClInclude>
		<ClInclude Include="..\LQuserFlies\devices\drivers\fsl_common.h">
			<Filter>源文件\drivers</Filter>
		</ClInclude>
		<ClInclude Include="..\LQuserFlies\devices\drivers\fsl_csi.h">
			<Filter>源文件\drivers</Filter>
		</ClInclude>
		<ClInclude Include="..\LQuserFlies\devices\drivers\fsl_dmamux.h">
			<Filter>源文件\drivers</Filter>
		</ClInclude>
		<ClInclude Include="..\LQuserFlies\devices\drivers\fsl_edma.h">
			<Filter>源文件\drivers</Filter>
		</ClInclude>
		<ClInclude Include="..\LQuserFlies\devices\drivers\fsl_flexio.h">
			<Filter>源文件\drivers</Filter>
		</ClInclude>
		<ClInclude Include="..\LQuserFlies\devices\fsl_flexio_camera.h">
			<Filter>源文件\drivers</Filter>
		</ClInclude>
		<ClInclude Include="..\LQuserFlies\devices\fsl_flexio_camera_edma.h">
			<Filter>源文件\drivers</Filter>
		</ClInclude>
		<ClInclude Include="..\LQuserFlies\devices\drivers\fsl_flexio_spi.h">
			<Filter>源文件\drivers</Filter>
		</ClInclude>
		<ClInclude Include="..\LQuserFlies\devices\drivers\fsl_flexio_spi_edma.h">
			<Filter>源文件\drivers</Filter>
		</ClInclude>
		<ClInclude Include="..\LQuserFlies\devices\drivers\fsl_flexspi.h">
			<Filter>源文件\drivers</Filter>
		</ClInclude>
		<ClInclude Include="..\LQuserFlies\devices\drivers\fsl_gpio.h">
			<Filter>源文件\drivers</Filter>
		</ClInclude>
		<ClInclude Include="..\LQuserFlies\devices\drivers\fsl_gpt.h">
			<Filter>源文件\drivers</Filter>
		</ClInclude>
		<ClInclude Include="..\LQuserFlies\devices\drivers\fsl_iomuxc.h">
			<Filter>源文件\drivers</Filter>
		</ClInclude>
		<ClInclude Include="..\LQuserFlies\devices\drivers\fsl_lpi2c.h">
			<Filter>源文件\drivers</Filter>
		</ClInclude>
		<ClInclude Include="..\LQuserFlies\devices\drivers\fsl_lpspi.h">
			<Filter>源文件\drivers</Filter>
		</ClInclude>
		<ClInclude Include="..\LQuserFlies\devices\drivers\fsl_lpspi_edma.h">
			<Filter>源文件\drivers</Filter>
		</ClInclude>
		<ClInclude Include="..\LQuserFlies\devices\drivers\fsl_lpuart.h">
			<Filter>源文件\drivers</Filter>
		</ClInclude>
		<ClInclude Include="..\LQuserFlies\devices\drivers\fsl_lpuart_edma.h">
			<Filter>源文件\drivers</Filter>
		</ClInclude>
		<ClInclude Include="..\LQuserFlies\devices\drivers\fsl_pit.h">
			<Filter>源文件\drivers</Filter>
		</ClInclude>
		<ClInclude Include="..\LQuserFlies\devices\drivers\fsl_pwm.h">
			<Filter>源文件\drivers</Filter>
		</ClInclude>
		<ClInclude Include="..\LQuserFlies\devices\drivers\fsl_qtmr.h">
			<Filter>源文件\drivers</Filter>
		</ClInclude>
		<ClInclude Include="..\LQuserFlies\src\camera\fsl_sccb.h">
			<Filter>源文件\drivers</Filter>
		</ClInclude>
		<ClInclude Include="..\LQuserFlies\devices\drivers\fsl_semc.h">
			<Filter>源文件\drivers</Filter>
		</ClInclude>
		<ClInclude Include="..\LQuserFlies\devices\drivers\fsl_trng.h">
			<Filter>源文件\drivers</Filter>
		</ClInclude>
		<ClInclude Include="..\LQuserFlies\devices\drivers\fsl_usdhc.h">
			<Filter>源文件\drivers</Filter>
		</ClInclude>
		<ClInclude Include="..\LQuserFlies\devices\drivers\fsl_wdog.h">
			<Filter>源文件\drivers</Filter>
		</ClInclude>
		<ClInclude Include="..\LQuserFlies\devices\drivers\fsl_xbara.h">
			<Filter>源文件\drivers</Filter>
		</ClInclude>
		<ClInclude Include="..\LQuserFlies\devices\startup\system_MIMXRT1052.h">
			<Filter>源文件\startup</Filter>
		</ClInclude>
		<ClInclude Include="..\LQuserFlies\devices\utilities\fsl_debug_console.h">
			<Filter>源文件\utilities</Filter>
		</ClInclude>
		<ClInclude Include="..\LQuserFlies\devices\utilities\fsl_debug_console_conf.h">
			<Filter>源文件\utilities</Filter>
		</ClInclude>
		<ClInclude Include="..\LQuserFlies\devices\utilities\fsl_io.h">
			<Filter>源文件\utilities</Filter>
		</ClInclude>
		<ClInclude Include="..\LQuserFlies\devices\utilities\fsl_log.h">
			<Filter>源文件\utilities</Filter>
		</ClInclude>
		<ClInclude Include="..\LQuserFlies\devices\utilities\fsl_str.h">
			<Filter>源文件\utilities</Filter>
		</ClInclude>
		<ClInclude Include="..\LQuserFlies\Xip\external_flash_config.h">
			<Filter>源文件\XIP</Filter>
		</ClInclude>
		<ClInclude Include="..\LQuserFlies\Xip\fsl_flexspi_nor_boot.h">
			<Filter>源文件\XIP</Filter>
		</ClInclude>
	</ItemGroup>
	<ItemGroup>
		<None Include="..\LQuserFlies\devices\startup\startup_MIMXRT1052.s">
			<Filter>源文件\startup</Filter>
		</None>
	</ItemGroup>
</Project>