Microsoft Visual Studio Solution File, Format Version 12.00
# Visual Studio 2013
VisualStudioVersion = 12.0.21005.1
MinimumVisualStudioVersion = 10.0.40219.1
Project("{8BC9CEB8-8B4A-11D0-8D11-00A0C91BC942}") = "YH-RT1052", "YH-RT1052.vcxproj", "{25ED2008-8B43-42B2-5CF4-0A7A0B3E5698}"
EndProject
Global
	GlobalSection(SolutionConfigurationPlatforms) = preSolution
		Debug|Win32 = Debug|Win32
		Release|Win32 = Release|Win32
	EndGlobalSection
	GlobalSection(ProjectConfigurationPlatforms) = postSolution
		{25ED2008-8B43-42B2-5CF4-0A7A0B3E5698}.Debug|Win32.ActiveCfg = nor_itcm_txt_ram|Win32
		{25ED2008-8B43-42B2-5CF4-0A7A0B3E5698}.Debug|Win32.Build.0 = nor_itcm_txt_ram|Win32
		{25ED2008-8B43-42B2-5CF4-0A7A0B3E5698}.Release|Win32.ActiveCfg = nor_itcm_txt_ram|Win32
		{25ED2008-8B43-42B2-5CF4-0A7A0B3E5698}.Release|Win32.Build.0 = nor_itcm_txt_ram|Win32
	EndGlobalSection
	GlobalSection(SolutionProperties) = preSolution
		HideSolutionNode = FALSE
	EndGlobalSection
EndGlobal
