<?xml version="1.0" encoding="utf-8"?>
<Project ToolsVersion="4.0" xmlns="http://schemas.microsoft.com/developer/msbuild/2003">
	<ItemGroup>
		<Filter Include="源文件\board">
			<UniqueIdentifier>{fe7f7b2e-e658-45cf-7f5a-dc0a26a33f31}</UniqueIdentifier>
		</Filter>
		<Filter Include="源文件\CMSIS">
			<UniqueIdentifier>{af70f9e0-df32-49d9-6195-655a530b691e}</UniqueIdentifier>
		</Filter>
		<Filter Include="源文件\doc">
			<UniqueIdentifier>{e5fcffe9-f589-4e26-5b25-fbdc44a6618f}</UniqueIdentifier>
		</Filter>
		<Filter Include="源文件\drivers">
			<UniqueIdentifier>{36e4d306-8875-4b02-41f9-9a4562c7dc65}</UniqueIdentifier>
		</Filter>
		<Filter Include="源文件\drivers\fsl_camera">
			<UniqueIdentifier>{b8a1ac27-0b5d-4889-5f29-e7c56cbcffdb}</UniqueIdentifier>
		</Filter>
		<Filter Include="源文件\drivers\fsl_csi">
			<UniqueIdentifier>{693e4684-668d-4ab8-752a-58228c818806}</UniqueIdentifier>
		</Filter>
		<Filter Include="源文件\drivers\fsl_lpspi">
			<UniqueIdentifier>{7dbf7544-b15e-4755-51f5-39d1cbf98420}</UniqueIdentifier>
		</Filter>
		<Filter Include="源文件\drivers\fsl_lpuart">
			<UniqueIdentifier>{3098a1a6-26b2-4d0b-42a8-6b6fec3cc482}</UniqueIdentifier>
		</Filter>
		<Filter Include="源文件\drivers\fsl_pit">
			<UniqueIdentifier>{fabae6aa-0ba0-4f6a-5595-ea4dffe7d5b9}</UniqueIdentifier>
		</Filter>
		<Filter Include="源文件\PigDrive">
			<UniqueIdentifier>{9d99754c-beb1-4991-73e5-cd12f9046e71}</UniqueIdentifier>
		</Filter>
		<Filter Include="源文件\PigDrive\LPSPI">
			<UniqueIdentifier>{0347bdad-9ac2-41a5-7ac2-64570800d363}</UniqueIdentifier>
		</Filter>
		<Filter Include="源文件\PigDrive\LPUART">
			<UniqueIdentifier>{d0aa93c1-69e3-49cd-5f67-d615a9fc3460}</UniqueIdentifier>
		</Filter>
		<Filter Include="源文件\PigDrive\MT9V032">
			<UniqueIdentifier>{9b88e7f8-5bee-4325-79fb-a6ec6ca1c29f}</UniqueIdentifier>
		</Filter>
		<Filter Include="源文件\PigDrive\PIT">
			<UniqueIdentifier>{93fbdf7f-52e1-47c9-7203-c7ff0889682f}</UniqueIdentifier>
		</Filter>
		<Filter Include="源文件\startup">
			<UniqueIdentifier>{b059a848-0295-4844-4d9d-f193f1de9e58}</UniqueIdentifier>
		</Filter>
		<Filter Include="源文件\user">
			<UniqueIdentifier>{be26e90b-dbad-4906-4f53-8b1706aeee9a}</UniqueIdentifier>
		</Filter>
		<Filter Include="源文件\user\TFT">
			<UniqueIdentifier>{94a89e77-af15-4de9-63c5-82df83c04c2b}</UniqueIdentifier>
		</Filter>
		<Filter Include="源文件\utilities">
			<UniqueIdentifier>{3b082104-f92a-426e-4c87-a1445854ecd7}</UniqueIdentifier>
		</Filter>
		<Filter Include="源文件\xip">
			<UniqueIdentifier>{35ce42df-558a-4c3f-4f2d-0472804b1bb4}</UniqueIdentifier>
		</Filter>
		<Filter Include="源文件">
			<UniqueIdentifier>{2f6317eb-3f5f-4b10-7610-906858655ffa}</UniqueIdentifier>
		</Filter>
	</ItemGroup>
	<ItemGroup>
		<ClCompile Include="..\..\..\user\board.c">
			<Filter>源文件\board</Filter>
		</ClCompile>
		<ClCompile Include="..\..\..\user\clock_config.c">
			<Filter>源文件\board</Filter>
		</ClCompile>
		<ClCompile Include="..\..\..\user\peripherals.c">
			<Filter>源文件\board</Filter>
		</ClCompile>
		<ClCompile Include="..\..\..\user\pin_mux.c">
			<Filter>源文件\board</Filter>
		</ClCompile>
		<ClCompile Include="..\..\..\libraries\system_MIMXRT1052.c">
			<Filter>源文件\CMSIS</Filter>
		</ClCompile>
		<ClCompile Include="..\..\..\libraries\drivers\fsl_clock.c">
			<Filter>源文件\drivers</Filter>
		</ClCompile>
		<ClCompile Include="..\..\..\libraries\drivers\fsl_common.c">
			<Filter>源文件\drivers</Filter>
		</ClCompile>
		<ClCompile Include="..\..\..\libraries\drivers\fsl_flexspi.c">
			<Filter>源文件\drivers</Filter>
		</ClCompile>
		<ClCompile Include="..\..\..\libraries\drivers\fsl_gpio.c">
			<Filter>源文件\drivers</Filter>
		</ClCompile>
		<ClCompile Include="..\..\..\libraries\fsl_csi_camera_adapter.c">
			<Filter>源文件\drivers\fsl_camera</Filter>
		</ClCompile>
		<ClCompile Include="..\..\..\libraries\fsl_sccb.c">
			<Filter>源文件\drivers\fsl_camera</Filter>
		</ClCompile>
		<ClCompile Include="..\..\..\libraries\drivers\fsl_csi.c">
			<Filter>源文件\drivers\fsl_csi</Filter>
		</ClCompile>
		<ClCompile Include="..\..\..\libraries\drivers\fsl_lpspi.c">
			<Filter>源文件\drivers\fsl_lpspi</Filter>
		</ClCompile>
		<ClCompile Include="..\..\..\libraries\drivers\fsl_lpuart.c">
			<Filter>源文件\drivers\fsl_lpuart</Filter>
		</ClCompile>
		<ClCompile Include="..\..\..\libraries\drivers\fsl_pit.c">
			<Filter>源文件\drivers\fsl_pit</Filter>
		</ClCompile>
		<ClCompile Include="..\..\..\user\Pig_SPI.c">
			<Filter>源文件\PigDrive\LPSPI</Filter>
		</ClCompile>
		<ClCompile Include="..\..\..\user\Pig_UART.c">
			<Filter>源文件\PigDrive\LPUART</Filter>
		</ClCompile>
		<ClCompile Include="..\..\..\user\MT9V032.c">
			<Filter>源文件\PigDrive\MT9V032</Filter>
		</ClCompile>
		<ClCompile Include="..\..\..\user\Pig_PIT.c">
			<Filter>源文件\PigDrive\PIT</Filter>
		</ClCompile>
		<ClCompile Include="..\..\..\user\main.c">
			<Filter>源文件\user</Filter>
		</ClCompile>
		<ClCompile Include="..\..\..\user\TFTDriver.c">
			<Filter>源文件\user\TFT</Filter>
		</ClCompile>
		<ClCompile Include="..\..\..\libraries\utilities\fsl_assert.c">
			<Filter>源文件\utilities</Filter>
		</ClCompile>
		<ClCompile Include="..\..\..\libraries\utilities\fsl_debug_console.c">
			<Filter>源文件\utilities</Filter>
		</ClCompile>
		<ClCompile Include="..\..\..\libraries\utilities\io\fsl_io.c">
			<Filter>源文件\utilities</Filter>
		</ClCompile>
		<ClCompile Include="..\..\..\libraries\utilities\log\fsl_log.c">
			<Filter>源文件\utilities</Filter>
		</ClCompile>
		<ClCompile Include="..\..\..\libraries\utilities\fsl_notifier.c">
			<Filter>源文件\utilities</Filter>
		</ClCompile>
		<ClCompile Include="..\..\..\libraries\utilities\fsl_sbrk.c">
			<Filter>源文件\utilities</Filter>
		</ClCompile>
		<ClCompile Include="..\..\..\libraries\utilities\fsl_shell.c">
			<Filter>源文件\utilities</Filter>
		</ClCompile>
		<ClCompile Include="..\..\..\libraries\utilities\str\fsl_str.c">
			<Filter>源文件\utilities</Filter>
		</ClCompile>
		<ClCompile Include="..\..\..\user\xip\fire_imxrt1052_sdram_ini_dcd.c">
			<Filter>源文件\xip</Filter>
		</ClCompile>
		<ClCompile Include="..\..\..\user\xip\fire_imxrt1052_spiflash_config.c">
			<Filter>源文件\xip</Filter>
		</ClCompile>
		<ClCompile Include="..\..\..\user\xip\fsl_flexspi_nor_boot.c">
			<Filter>源文件\xip</Filter>
		</ClCompile>
	</ItemGroup>
	<ItemGroup>
		<ClInclude Include="..\..\..\user\clock_config.h">
			<Filter>源文件\board</Filter>
		</ClInclude>
		<ClInclude Include="..\..\..\user\peripherals.h">
			<Filter>源文件\board</Filter>
		</ClInclude>
		<ClInclude Include="..\..\..\user\pin_mux.h">
			<Filter>源文件\board</Filter>
		</ClInclude>
		<ClInclude Include="..\..\..\libraries\system_MIMXRT1052.h">
			<Filter>源文件\CMSIS</Filter>
		</ClInclude>
		<ClInclude Include="..\..\..\libraries\drivers\fsl_iomuxc.h">
			<Filter>源文件\drivers</Filter>
		</ClInclude>
		<ClInclude Include="..\..\..\libraries\fsl_camera.h">
			<Filter>源文件\drivers\fsl_camera</Filter>
		</ClInclude>
		<ClInclude Include="..\..\..\libraries\fsl_camera_device.h">
			<Filter>源文件\drivers\fsl_camera</Filter>
		</ClInclude>
		<ClInclude Include="..\..\..\libraries\fsl_camera_receiver.h">
			<Filter>源文件\drivers\fsl_camera</Filter>
		</ClInclude>
		<ClInclude Include="..\..\..\libraries\fsl_csi_camera_adapter.h">
			<Filter>源文件\drivers\fsl_camera</Filter>
		</ClInclude>
		<ClInclude Include="..\..\..\libraries\fsl_sccb.h">
			<Filter>源文件\drivers\fsl_camera</Filter>
		</ClInclude>
		<ClInclude Include="..\..\..\libraries\fsl_video_common.h">
			<Filter>源文件\drivers\fsl_camera</Filter>
		</ClInclude>
		<ClInclude Include="..\..\..\libraries\drivers\fsl_csi.h">
			<Filter>源文件\drivers\fsl_csi</Filter>
		</ClInclude>
		<ClInclude Include="..\..\..\libraries\drivers\fsl_lpspi.h">
			<Filter>源文件\drivers\fsl_lpspi</Filter>
		</ClInclude>
		<ClInclude Include="..\..\..\libraries\drivers\fsl_pit.h">
			<Filter>源文件\drivers\fsl_pit</Filter>
		</ClInclude>
		<ClInclude Include="..\..\..\user\Pig_SPI.h">
			<Filter>源文件\PigDrive\LPSPI</Filter>
		</ClInclude>
		<ClInclude Include="..\..\..\user\Pig_UART.h">
			<Filter>源文件\PigDrive\LPUART</Filter>
		</ClInclude>
		<ClInclude Include="..\..\..\user\MT9V032.h">
			<Filter>源文件\PigDrive\MT9V032</Filter>
		</ClInclude>
		<ClInclude Include="..\..\..\user\Pig_PIT.h">
			<Filter>源文件\PigDrive\PIT</Filter>
		</ClInclude>
		<ClInclude Include="..\..\..\user\include.h">
			<Filter>源文件\user</Filter>
		</ClInclude>
		<ClInclude Include="..\..\..\user\TFTDriver.h">
			<Filter>源文件\user\TFT</Filter>
		</ClInclude>
	</ItemGroup>
	<ItemGroup>
		<None Include="..\..\..\doc\必读说明.txt">
			<Filter>源文件\doc</Filter>
		</None>
		<None Include="..\startup_MIMXRT1052.s">
			<Filter>源文件\startup</Filter>
		</None>
		<None Include="..\startup_MIMXRT1052_ram_vector.s">
			<Filter>源文件\startup</Filter>
		</None>
	</ItemGroup>
</Project>